
Microsoft Visual Studio Solution File, Format Version 12.00
# Visual Studio Version 17
VisualStudioVersion = 17.6.33706.43
MinimumVisualStudioVersion = 10.0.40219.1
Project("{9A19103F-16F7-4668-BE54-9A1E7A4F7556}") = "Beacon.Core", "Beacon.Core\Beacon.Core.csproj", "{541E5738-AA0A-4CA4-8397-B0260F287E24}"
EndProject
Project("{9A19103F-16F7-4668-BE54-9A1E7A4F7556}") = "Beacon.UI", "Beacon.UI\Beacon.UI.csproj", "{C486F558-2FAD-4315-B8A5-3AC2DAD7D286}"
EndProject
Project("{9A19103F-16F7-4668-BE54-9A1E7A4F7556}") = "Beacon.SampleProject", "Beacon.SampleProject\Beacon.SampleProject.csproj", "{C3BEF32C-0C1B-4348-8D9D-3DAF7A03392C}"
EndProject
Project("{2150E333-8FDC-42A3-9474-1A3956D46DE8}") = "Test", "Test", "{03B08263-40FB-4846-8ECD-21C47B6156D2}"
EndProject
Project("{2150E333-8FDC-42A3-9474-1A3956D46DE8}") = "SolutionFiles", "SolutionFiles", "{C3B3544D-E68F-4BC6-B3CF-7F4D260174CA}"
	ProjectSection(SolutionItems) = preProject
		MIGRATIONS.md = MIGRATIONS.md
		CLAUDE.md = CLAUDE.md
		README.md = README.md
	EndProjectSection
EndProject
Project("{2150E333-8FDC-42A3-9474-1A3956D46DE8}") = "ClaudePlans", "ClaudePlans", "{10F193FC-252E-42D3-8B3C-422D996B6401}"
	ProjectSection(SolutionItems) = preProject
		ClaudePlans\QueryChainingFeature.md = ClaudePlans\QueryChainingFeature.md
	EndProjectSection
EndProject
Project("{2150E333-8FDC-42A3-9474-1A3956D46DE8}") = "Specify", "Specify", "{088B32FA-6DD4-4BB8-8F43-C5ED32A2EC6D}"
	ProjectSection(SolutionItems) = preProject
		Specify\memory\constitution.md = Specify\memory\constitution.md
		Specify\memory\constitution_update_checklist.md = Specify\memory\constitution_update_checklist.md
	EndProjectSection
EndProject
Project("{2150E333-8FDC-42A3-9474-1A3956D46DE8}") = "Specs", "Specs", "{73FCA82C-8CAB-4423-82A2-F44E3716A911}"
	ProjectSection(SolutionItems) = preProject
		specs\001-data-migrator\spec.md = specs\001-data-migrator\spec.md
	EndProjectSection
EndProject
Project("{FAE04EC0-301F-11D3-BF4B-00C04F79EFBC}") = "Beacon.Core.PostgreSql", "Beacon.Core.PostgreSql\Beacon.Core.PostgreSql.csproj", "{3DD8C51A-0E31-4D33-AED7-0346144A79F4}"
EndProject
Project("{FAE04EC0-301F-11D3-BF4B-00C04F79EFBC}") = "Beacon.Core.SqlServer", "Beacon.Core.SqlServer\Beacon.Core.SqlServer.csproj", "{1406CB3F-D1CE-4E90-968B-76A7D5C41976}"
EndProject
Project("{FAE04EC0-301F-11D3-BF4B-00C04F79EFBC}") = "Beacon.AI", "Beacon.AI\Beacon.AI.csproj", "{07697B03-4E31-469F-AB92-933A89081821}"
EndProject
Project("{FAE04EC0-301F-11D3-BF4B-00C04F79EFBC}") = "Beacon.MCP", "Beacon.MCP\Beacon.MCP.csproj", "{6A39A5EE-6695-4DB7-B014-53B20DD02378}"
EndProject
Project("{FAE04EC0-301F-11D3-BF4B-00C04F79EFBC}") = "Beacon.Connector.PostgreSql", "Beacon.Connector.PostgreSql\Beacon.Connector.PostgreSql.csproj", "{75895DBF-3246-4E7D-9B94-68A72970F46A}"
EndProject
Project("{FAE04EC0-301F-11D3-BF4B-00C04F79EFBC}") = "Beacon.Connector.SqlServer", "Beacon.Connector.SqlServer\Beacon.Connector.SqlServer.csproj", "{1474D61D-2393-4931-B091-4E56DAA889B7}"
EndProject
Project("{FAE04EC0-301F-11D3-BF4B-00C04F79EFBC}") = "Beacon.Connector.MySql", "Beacon.Connector.MySql\Beacon.Connector.MySql.csproj", "{6F16EA15-C227-490D-BA3A-A917079530FB}"
EndProject
Project("{FAE04EC0-301F-11D3-BF4B-00C04F79EFBC}") = "Beacon.Connector.CloudWatch", "Beacon.Connector.CloudWatch\Beacon.Connector.CloudWatch.csproj", "{01BAC26A-4454-4778-844B-BAC48D561830}"
EndProject
Project("{FAE04EC0-301F-11D3-BF4B-00C04F79EFBC}") = "Beacon.Connector.AzureSynapse", "Beacon.Connector.AzureSynapse\Beacon.Connector.AzureSynapse.csproj", "{35A95F21-7740-4405-8E56-9579B65EEACE}"
EndProject
Project("{FAE04EC0-301F-11D3-BF4B-00C04F79EFBC}") = "Beacon.Connector.Snowflake", "Beacon.Connector.Snowflake\Beacon.Connector.Snowflake.csproj", "{3177681A-B423-46C7-8C8C-06CF3CA5F7D2}"
EndProject
Project("{FAE04EC0-301F-11D3-BF4B-00C04F79EFBC}") = "Beacon.Connector.Databricks", "Beacon.Connector.Databricks\Beacon.Connector.Databricks.csproj", "{B5C9D468-01F2-4309-A6B2-01CC253AA409}"
EndProject
Project("{FAE04EC0-301F-11D3-BF4B-00C04F79EFBC}") = "Beacon.Connector.BigQuery", "Beacon.Connector.BigQuery\Beacon.Connector.BigQuery.csproj", "{6F4DCD8A-B010-4D6E-B162-D097A2561198}"
EndProject
Project("{FAE04EC0-301F-11D3-BF4B-00C04F79EFBC}") = "Beacon.Connector.Api", "Beacon.Connector.Api\Beacon.Connector.Api.csproj", "{0595D101-16DA-4597-BD55-B2A2DDE12AA9}"
EndProject
Global
	GlobalSection(SolutionConfigurationPlatforms) = preSolution
		Debug|Any CPU = Debug|Any CPU
		Debug|x64 = Debug|x64
		Debug|x86 = Debug|x86
		Release|Any CPU = Release|Any CPU
		Release|x64 = Release|x64
		Release|x86 = Release|x86
	EndGlobalSection
	GlobalSection(ProjectConfigurationPlatforms) = postSolution
		{541E5738-AA0A-4CA4-8397-B0260F287E24}.Debug|Any CPU.ActiveCfg = Debug|Any CPU
		{541E5738-AA0A-4CA4-8397-B0260F287E24}.Debug|Any CPU.Build.0 = Debug|Any CPU
		{541E5738-AA0A-4CA4-8397-B0260F287E24}.Debug|x64.ActiveCfg = Debug|Any CPU
		{541E5738-AA0A-4CA4-8397-B0260F287E24}.Debug|x64.Build.0 = Debug|Any CPU
		{541E5738-AA0A-4CA4-8397-B0260F287E24}.Debug|x86.ActiveCfg = Debug|Any CPU
		{541E5738-AA0A-4CA4-8397-B0260F287E24}.Debug|x86.Build.0 = Debug|Any CPU
		{541E5738-AA0A-4CA4-8397-B0260F287E24}.Release|Any CPU.ActiveCfg = Release|Any CPU
		{541E5738-AA0A-4CA4-8397-B0260F287E24}.Release|Any CPU.Build.0 = Release|Any CPU
		{541E5738-AA0A-4CA4-8397-B0260F287E24}.Release|x64.ActiveCfg = Release|Any CPU
		{541E5738-AA0A-4CA4-8397-B0260F287E24}.Release|x64.Build.0 = Release|Any CPU
		{541E5738-AA0A-4CA4-8397-B0260F287E24}.Release|x86.ActiveCfg = Release|Any CPU
		{541E5738-AA0A-4CA4-8397-B0260F287E24}.Release|x86.Build.0 = Release|Any CPU
		{C486F558-2FAD-4315-B8A5-3AC2DAD7D286}.Debug|Any CPU.ActiveCfg = Debug|Any CPU
		{C486F558-2FAD-4315-B8A5-3AC2DAD7D286}.Debug|Any CPU.Build.0 = Debug|Any CPU
		{C486F558-2FAD-4315-B8A5-3AC2DAD7D286}.Debug|x64.ActiveCfg = Debug|Any CPU
		{C486F558-2FAD-4315-B8A5-3AC2DAD7D286}.Debug|x64.Build.0 = Debug|Any CPU
		{C486F558-2FAD-4315-B8A5-3AC2DAD7D286}.Debug|x86.ActiveCfg = Debug|Any CPU
		{C486F558-2FAD-4315-B8A5-3AC2DAD7D286}.Debug|x86.Build.0 = Debug|Any CPU
		{C486F558-2FAD-4315-B8A5-3AC2DAD7D286}.Release|Any CPU.ActiveCfg = Release|Any CPU
		{C486F558-2FAD-4315-B8A5-3AC2DAD7D286}.Release|Any CPU.Build.0 = Release|Any CPU
		{C486F558-2FAD-4315-B8A5-3AC2DAD7D286}.Release|x64.ActiveCfg = Release|Any CPU
		{C486F558-2FAD-4315-B8A5-3AC2DAD7D286}.Release|x64.Build.0 = Release|Any CPU
		{C486F558-2FAD-4315-B8A5-3AC2DAD7D286}.Release|x86.ActiveCfg = Release|Any CPU
		{C486F558-2FAD-4315-B8A5-3AC2DAD7D286}.Release|x86.Build.0 = Release|Any CPU
		{C3BEF32C-0C1B-4348-8D9D-3DAF7A03392C}.Debug|Any CPU.ActiveCfg = Debug|Any CPU
		{C3BEF32C-0C1B-4348-8D9D-3DAF7A03392C}.Debug|Any CPU.Build.0 = Debug|Any CPU
		{C3BEF32C-0C1B-4348-8D9D-3DAF7A03392C}.Debug|x64.ActiveCfg = Debug|Any CPU
		{C3BEF32C-0C1B-4348-8D9D-3DAF7A03392C}.Debug|x64.Build.0 = Debug|Any CPU
		{C3BEF32C-0C1B-4348-8D9D-3DAF7A03392C}.Debug|x86.ActiveCfg = Debug|Any CPU
		{C3BEF32C-0C1B-4348-8D9D-3DAF7A03392C}.Debug|x86.Build.0 = Debug|Any CPU
		{C3BEF32C-0C1B-4348-8D9D-3DAF7A03392C}.Release|Any CPU.ActiveCfg = Release|Any CPU
		{C3BEF32C-0C1B-4348-8D9D-3DAF7A03392C}.Release|Any CPU.Build.0 = Release|Any CPU
		{C3BEF32C-0C1B-4348-8D9D-3DAF7A03392C}.Release|x64.ActiveCfg = Release|Any CPU
		{C3BEF32C-0C1B-4348-8D9D-3DAF7A03392C}.Release|x64.Build.0 = Release|Any CPU
		{C3BEF32C-0C1B-4348-8D9D-3DAF7A03392C}.Release|x86.ActiveCfg = Release|Any CPU
		{C3BEF32C-0C1B-4348-8D9D-3DAF7A03392C}.Release|x86.Build.0 = Release|Any CPU
		{3DD8C51A-0E31-4D33-AED7-0346144A79F4}.Debug|Any CPU.ActiveCfg = Debug|Any CPU
		{3DD8C51A-0E31-4D33-AED7-0346144A79F4}.Debug|Any CPU.Build.0 = Debug|Any CPU
		{3DD8C51A-0E31-4D33-AED7-0346144A79F4}.Debug|x64.ActiveCfg = Debug|Any CPU
		{3DD8C51A-0E31-4D33-AED7-0346144A79F4}.Debug|x64.Build.0 = Debug|Any CPU
		{3DD8C51A-0E31-4D33-AED7-0346144A79F4}.Debug|x86.ActiveCfg = Debug|Any CPU
		{3DD8C51A-0E31-4D33-AED7-0346144A79F4}.Debug|x86.Build.0 = Debug|Any CPU
		{3DD8C51A-0E31-4D33-AED7-0346144A79F4}.Release|Any CPU.ActiveCfg = Release|Any CPU
		{3DD8C51A-0E31-4D33-AED7-0346144A79F4}.Release|Any CPU.Build.0 = Release|Any CPU
		{3DD8C51A-0E31-4D33-AED7-0346144A79F4}.Release|x64.ActiveCfg = Release|Any CPU
		{3DD8C51A-0E31-4D33-AED7-0346144A79F4}.Release|x64.Build.0 = Release|Any CPU
		{3DD8C51A-0E31-4D33-AED7-0346144A79F4}.Release|x86.ActiveCfg = Release|Any CPU
		{3DD8C51A-0E31-4D33-AED7-0346144A79F4}.Release|x86.Build.0 = Release|Any CPU
		{1406CB3F-D1CE-4E90-968B-76A7D5C41976}.Debug|Any CPU.ActiveCfg = Debug|Any CPU
		{1406CB3F-D1CE-4E90-968B-76A7D5C41976}.Debug|Any CPU.Build.0 = Debug|Any CPU
		{1406CB3F-D1CE-4E90-968B-76A7D5C41976}.Debug|x64.ActiveCfg = Debug|Any CPU
		{1406CB3F-D1CE-4E90-968B-76A7D5C41976}.Debug|x64.Build.0 = Debug|Any CPU
		{1406CB3F-D1CE-4E90-968B-76A7D5C41976}.Debug|x86.ActiveCfg = Debug|Any CPU
		{1406CB3F-D1CE-4E90-968B-76A7D5C41976}.Debug|x86.Build.0 = Debug|Any CPU
		{1406CB3F-D1CE-4E90-968B-76A7D5C41976}.Release|Any CPU.ActiveCfg = Release|Any CPU
		{1406CB3F-D1CE-4E90-968B-76A7D5C41976}.Release|Any CPU.Build.0 = Release|Any CPU
		{1406CB3F-D1CE-4E90-968B-76A7D5C41976}.Release|x64.ActiveCfg = Release|Any CPU
		{1406CB3F-D1CE-4E90-968B-76A7D5C41976}.Release|x64.Build.0 = Release|Any CPU
		{1406CB3F-D1CE-4E90-968B-76A7D5C41976}.Release|x86.ActiveCfg = Release|Any CPU
		{1406CB3F-D1CE-4E90-968B-76A7D5C41976}.Release|x86.Build.0 = Release|Any CPU
		{07697B03-4E31-469F-AB92-933A89081821}.Debug|Any CPU.ActiveCfg = Debug|Any CPU
		{07697B03-4E31-469F-AB92-933A89081821}.Debug|Any CPU.Build.0 = Debug|Any CPU
		{07697B03-4E31-469F-AB92-933A89081821}.Debug|x64.ActiveCfg = Debug|Any CPU
		{07697B03-4E31-469F-AB92-933A89081821}.Debug|x64.Build.0 = Debug|Any CPU
		{07697B03-4E31-469F-AB92-933A89081821}.Debug|x86.ActiveCfg = Debug|Any CPU
		{07697B03-4E31-469F-AB92-933A89081821}.Debug|x86.Build.0 = Debug|Any CPU
		{07697B03-4E31-469F-AB92-933A89081821}.Release|Any CPU.ActiveCfg = Release|Any CPU
		{07697B03-4E31-469F-AB92-933A89081821}.Release|Any CPU.Build.0 = Release|Any CPU
		{07697B03-4E31-469F-AB92-933A89081821}.Release|x64.ActiveCfg = Release|Any CPU
		{07697B03-4E31-469F-AB92-933A89081821}.Release|x64.Build.0 = Release|Any CPU
		{07697B03-4E31-469F-AB92-933A89081821}.Release|x86.ActiveCfg = Release|Any CPU
		{07697B03-4E31-469F-AB92-933A89081821}.Release|x86.Build.0 = Release|Any CPU
		{6A39A5EE-6695-4DB7-B014-53B20DD02378}.Debug|Any CPU.ActiveCfg = Debug|Any CPU
		{6A39A5EE-6695-4DB7-B014-53B20DD02378}.Debug|Any CPU.Build.0 = Debug|Any CPU
		{6A39A5EE-6695-4DB7-B014-53B20DD02378}.Debug|x64.ActiveCfg = Debug|Any CPU
		{6A39A5EE-6695-4DB7-B014-53B20DD02378}.Debug|x64.Build.0 = Debug|Any CPU
		{6A39A5EE-6695-4DB7-B014-53B20DD02378}.Debug|x86.ActiveCfg = Debug|Any CPU
		{6A39A5EE-6695-4DB7-B014-53B20DD02378}.Debug|x86.Build.0 = Debug|Any CPU
		{6A39A5EE-6695-4DB7-B014-53B20DD02378}.Release|Any CPU.ActiveCfg = Release|Any CPU
		{6A39A5EE-6695-4DB7-B014-53B20DD02378}.Release|Any CPU.Build.0 = Release|Any CPU
		{6A39A5EE-6695-4DB7-B014-53B20DD02378}.Release|x64.ActiveCfg = Release|Any CPU
		{6A39A5EE-6695-4DB7-B014-53B20DD02378}.Release|x64.Build.0 = Release|Any CPU
		{6A39A5EE-6695-4DB7-B014-53B20DD02378}.Release|x86.ActiveCfg = Release|Any CPU
		{6A39A5EE-6695-4DB7-B014-53B20DD02378}.Release|x86.Build.0 = Release|Any CPU
		{75895DBF-3246-4E7D-9B94-68A72970F46A}.Debug|Any CPU.ActiveCfg = Debug|Any CPU
		{75895DBF-3246-4E7D-9B94-68A72970F46A}.Debug|Any CPU.Build.0 = Debug|Any CPU
		{75895DBF-3246-4E7D-9B94-68A72970F46A}.Debug|x64.ActiveCfg = Debug|Any CPU
		{75895DBF-3246-4E7D-9B94-68A72970F46A}.Debug|x64.Build.0 = Debug|Any CPU
		{75895DBF-3246-4E7D-9B94-68A72970F46A}.Debug|x86.ActiveCfg = Debug|Any CPU
		{75895DBF-3246-4E7D-9B94-68A72970F46A}.Debug|x86.Build.0 = Debug|Any CPU
		{75895DBF-3246-4E7D-9B94-68A72970F46A}.Release|Any CPU.ActiveCfg = Release|Any CPU
		{75895DBF-3246-4E7D-9B94-68A72970F46A}.Release|Any CPU.Build.0 = Release|Any CPU
		{75895DBF-3246-4E7D-9B94-68A72970F46A}.Release|x64.ActiveCfg = Release|Any CPU
		{75895DBF-3246-4E7D-9B94-68A72970F46A}.Release|x64.Build.0 = Release|Any CPU
		{75895DBF-3246-4E7D-9B94-68A72970F46A}.Release|x86.ActiveCfg = Release|Any CPU
		{75895DBF-3246-4E7D-9B94-68A72970F46A}.Release|x86.Build.0 = Release|Any CPU
		{1474D61D-2393-4931-B091-4E56DAA889B7}.Debug|Any CPU.ActiveCfg = Debug|Any CPU
		{1474D61D-2393-4931-B091-4E56DAA889B7}.Debug|Any CPU.Build.0 = Debug|Any CPU
		{1474D61D-2393-4931-B091-4E56DAA889B7}.Debug|x64.ActiveCfg = Debug|Any CPU
		{1474D61D-2393-4931-B091-4E56DAA889B7}.Debug|x64.Build.0 = Debug|Any CPU
		{1474D61D-2393-4931-B091-4E56DAA889B7}.Debug|x86.ActiveCfg = Debug|Any CPU
		{1474D61D-2393-4931-B091-4E56DAA889B7}.Debug|x86.Build.0 = Debug|Any CPU
		{1474D61D-2393-4931-B091-4E56DAA889B7}.Release|Any CPU.ActiveCfg = Release|Any CPU
		{1474D61D-2393-4931-B091-4E56DAA889B7}.Release|Any CPU.Build.0 = Release|Any CPU
		{1474D61D-2393-4931-B091-4E56DAA889B7}.Release|x64.ActiveCfg = Release|Any CPU
		{1474D61D-2393-4931-B091-4E56DAA889B7}.Release|x64.Build.0 = Release|Any CPU
		{1474D61D-2393-4931-B091-4E56DAA889B7}.Release|x86.ActiveCfg = Release|Any CPU
		{1474D61D-2393-4931-B091-4E56DAA889B7}.Release|x86.Build.0 = Release|Any CPU
		{6F16EA15-C227-490D-BA3A-A917079530FB}.Debug|Any CPU.ActiveCfg = Debug|Any CPU
		{6F16EA15-C227-490D-BA3A-A917079530FB}.Debug|Any CPU.Build.0 = Debug|Any CPU
		{6F16EA15-C227-490D-BA3A-A917079530FB}.Debug|x64.ActiveCfg = Debug|Any CPU
		{6F16EA15-C227-490D-BA3A-A917079530FB}.Debug|x64.Build.0 = Debug|Any CPU
		{6F16EA15-C227-490D-BA3A-A917079530FB}.Debug|x86.ActiveCfg = Debug|Any CPU
		{6F16EA15-C227-490D-BA3A-A917079530FB}.Debug|x86.Build.0 = Debug|Any CPU
		{6F16EA15-C227-490D-BA3A-A917079530FB}.Release|Any CPU.ActiveCfg = Release|Any CPU
		{6F16EA15-C227-490D-BA3A-A917079530FB}.Release|Any CPU.Build.0 = Release|Any CPU
		{6F16EA15-C227-490D-BA3A-A917079530FB}.Release|x64.ActiveCfg = Release|Any CPU
		{6F16EA15-C227-490D-BA3A-A917079530FB}.Release|x64.Build.0 = Release|Any CPU
		{6F16EA15-C227-490D-BA3A-A917079530FB}.Release|x86.ActiveCfg = Release|Any CPU
		{6F16EA15-C227-490D-BA3A-A917079530FB}.Release|x86.Build.0 = Release|Any CPU
		{01BAC26A-4454-4778-844B-BAC48D561830}.Debug|Any CPU.ActiveCfg = Debug|Any CPU
		{01BAC26A-4454-4778-844B-BAC48D561830}.Debug|Any CPU.Build.0 = Debug|Any CPU
		{01BAC26A-4454-4778-844B-BAC48D561830}.Debug|x64.ActiveCfg = Debug|Any CPU
		{01BAC26A-4454-4778-844B-BAC48D561830}.Debug|x64.Build.0 = Debug|Any CPU
		{01BAC26A-4454-4778-844B-BAC48D561830}.Debug|x86.ActiveCfg = Debug|Any CPU
		{01BAC26A-4454-4778-844B-BAC48D561830}.Debug|x86.Build.0 = Debug|Any CPU
		{01BAC26A-4454-4778-844B-BAC48D561830}.Release|Any CPU.ActiveCfg = Release|Any CPU
		{01BAC26A-4454-4778-844B-BAC48D561830}.Release|Any CPU.Build.0 = Release|Any CPU
		{01BAC26A-4454-4778-844B-BAC48D561830}.Release|x64.ActiveCfg = Release|Any CPU
		{01BAC26A-4454-4778-844B-BAC48D561830}.Release|x64.Build.0 = Release|Any CPU
		{01BAC26A-4454-4778-844B-BAC48D561830}.Release|x86.ActiveCfg = Release|Any CPU
		{01BAC26A-4454-4778-844B-BAC48D561830}.Release|x86.Build.0 = Release|Any CPU
		{35A95F21-7740-4405-8E56-9579B65EEACE}.Debug|Any CPU.ActiveCfg = Debug|Any CPU
		{35A95F21-7740-4405-8E56-9579B65EEACE}.Debug|Any CPU.Build.0 = Debug|Any CPU
		{35A95F21-7740-4405-8E56-9579B65EEACE}.Debug|x64.ActiveCfg = Debug|Any CPU
		{35A95F21-7740-4405-8E56-9579B65EEACE}.Debug|x64.Build.0 = Debug|Any CPU
		{35A95F21-7740-4405-8E56-9579B65EEACE}.Debug|x86.ActiveCfg = Debug|Any CPU
		{35A95F21-7740-4405-8E56-9579B65EEACE}.Debug|x86.Build.0 = Debug|Any CPU
		{35A95F21-7740-4405-8E56-9579B65EEACE}.Release|Any CPU.ActiveCfg = Release|Any CPU
		{35A95F21-7740-4405-8E56-9579B65EEACE}.Release|Any CPU.Build.0 = Release|Any CPU
		{35A95F21-7740-4405-8E56-9579B65EEACE}.Release|x64.ActiveCfg = Release|Any CPU
		{35A95F21-7740-4405-8E56-9579B65EEACE}.Release|x64.Build.0 = Release|Any CPU
		{35A95F21-7740-4405-8E56-9579B65EEACE}.Release|x86.ActiveCfg = Release|Any CPU
		{35A95F21-7740-4405-8E56-9579B65EEACE}.Release|x86.Build.0 = Release|Any CPU
		{3177681A-B423-46C7-8C8C-06CF3CA5F7D2}.Debug|Any CPU.ActiveCfg = Debug|Any CPU
		{3177681A-B423-46C7-8C8C-06CF3CA5F7D2}.Debug|Any CPU.Build.0 = Debug|Any CPU
		{3177681A-B423-46C7-8C8C-06CF3CA5F7D2}.Debug|x64.ActiveCfg = Debug|Any CPU
		{3177681A-B423-46C7-8C8C-06CF3CA5F7D2}.Debug|x64.Build.0 = Debug|Any CPU
		{3177681A-B423-46C7-8C8C-06CF3CA5F7D2}.Debug|x86.ActiveCfg = Debug|Any CPU
		{3177681A-B423-46C7-8C8C-06CF3CA5F7D2}.Debug|x86.Build.0 = Debug|Any CPU
		{3177681A-B423-46C7-8C8C-06CF3CA5F7D2}.Release|Any CPU.ActiveCfg = Release|Any CPU
		{3177681A-B423-46C7-8C8C-06CF3CA5F7D2}.Release|Any CPU.Build.0 = Release|Any CPU
		{3177681A-B423-46C7-8C8C-06CF3CA5F7D2}.Release|x64.ActiveCfg = Release|Any CPU
		{3177681A-B423-46C7-8C8C-06CF3CA5F7D2}.Release|x64.Build.0 = Release|Any CPU
		{3177681A-B423-46C7-8C8C-06CF3CA5F7D2}.Release|x86.ActiveCfg = Release|Any CPU
		{3177681A-B423-46C7-8C8C-06CF3CA5F7D2}.Release|x86.Build.0 = Release|Any CPU
		{B5C9D468-01F2-4309-A6B2-01CC253AA409}.Debug|Any CPU.ActiveCfg = Debug|Any CPU
		{B5C9D468-01F2-4309-A6B2-01CC253AA409}.Debug|Any CPU.Build.0 = Debug|Any CPU
		{B5C9D468-01F2-4309-A6B2-01CC253AA409}.Debug|x64.ActiveCfg = Debug|Any CPU
		{B5C9D468-01F2-4309-A6B2-01CC253AA409}.Debug|x64.Build.0 = Debug|Any CPU
		{B5C9D468-01F2-4309-A6B2-01CC253AA409}.Debug|x86.ActiveCfg = Debug|Any CPU
		{B5C9D468-01F2-4309-A6B2-01CC253AA409}.Debug|x86.Build.0 = Debug|Any CPU
		{B5C9D468-01F2-4309-A6B2-01CC253AA409}.Release|Any CPU.ActiveCfg = Release|Any CPU
		{B5C9D468-01F2-4309-A6B2-01CC253AA409}.Release|Any CPU.Build.0 = Release|Any CPU
		{B5C9D468-01F2-4309-A6B2-01CC253AA409}.Release|x64.ActiveCfg = Release|Any CPU
		{B5C9D468-01F2-4309-A6B2-01CC253AA409}.Release|x64.Build.0 = Release|Any CPU
		{B5C9D468-01F2-4309-A6B2-01CC253AA409}.Release|x86.ActiveCfg = Release|Any CPU
		{B5C9D468-01F2-4309-A6B2-01CC253AA409}.Release|x86.Build.0 = Release|Any CPU
		{6F4DCD8A-B010-4D6E-B162-D097A2561198}.Debug|Any CPU.ActiveCfg = Debug|Any CPU
		{6F4DCD8A-B010-4D6E-B162-D097A2561198}.Debug|Any CPU.Build.0 = Debug|Any CPU
		{6F4DCD8A-B010-4D6E-B162-D097A2561198}.Debug|x64.ActiveCfg = Debug|Any CPU
		{6F4DCD8A-B010-4D6E-B162-D097A2561198}.Debug|x64.Build.0 = Debug|Any CPU
		{6F4DCD8A-B010-4D6E-B162-D097A2561198}.Debug|x86.ActiveCfg = Debug|Any CPU
		{6F4DCD8A-B010-4D6E-B162-D097A2561198}.Debug|x86.Build.0 = Debug|Any CPU
		{6F4DCD8A-B010-4D6E-B162-D097A2561198}.Release|Any CPU.ActiveCfg = Release|Any CPU
		{6F4DCD8A-B010-4D6E-B162-D097A2561198}.Release|Any CPU.Build.0 = Release|Any CPU
		{6F4DCD8A-B010-4D6E-B162-D097A2561198}.Release|x64.ActiveCfg = Release|Any CPU
		{6F4DCD8A-B010-4D6E-B162-D097A2561198}.Release|x64.Build.0 = Release|Any CPU
		{6F4DCD8A-B010-4D6E-B162-D097A2561198}.Release|x86.ActiveCfg = Release|Any CPU
		{6F4DCD8A-B010-4D6E-B162-D097A2561198}.Release|x86.Build.0 = Release|Any CPU
		{0595D101-16DA-4597-BD55-B2A2DDE12AA9}.Debug|Any CPU.ActiveCfg = Debug|Any CPU
		{0595D101-16DA-4597-BD55-B2A2DDE12AA9}.Debug|Any CPU.Build.0 = Debug|Any CPU
		{0595D101-16DA-4597-BD55-B2A2DDE12AA9}.Debug|x64.ActiveCfg = Debug|Any CPU
		{0595D101-16DA-4597-BD55-B2A2DDE12AA9}.Debug|x64.Build.0 = Debug|Any CPU
		{0595D101-16DA-4597-BD55-B2A2DDE12AA9}.Debug|x86.ActiveCfg = Debug|Any CPU
		{0595D101-16DA-4597-BD55-B2A2DDE12AA9}.Debug|x86.Build.0 = Debug|Any CPU
		{0595D101-16DA-4597-BD55-B2A2DDE12AA9}.Release|Any CPU.ActiveCfg = Release|Any CPU
		{0595D101-16DA-4597-BD55-B2A2DDE12AA9}.Release|Any CPU.Build.0 = Release|Any CPU
		{0595D101-16DA-4597-BD55-B2A2DDE12AA9}.Release|x64.ActiveCfg = Release|Any CPU
		{0595D101-16DA-4597-BD55-B2A2DDE12AA9}.Release|x64.Build.0 = Release|Any CPU
		{0595D101-16DA-4597-BD55-B2A2DDE12AA9}.Release|x86.ActiveCfg = Release|Any CPU
		{0595D101-16DA-4597-BD55-B2A2DDE12AA9}.Release|x86.Build.0 = Release|Any CPU
	EndGlobalSection
	GlobalSection(SolutionProperties) = preSolution
		HideSolutionNode = FALSE
	EndGlobalSection
	GlobalSection(NestedProjects) = preSolution
		{C3BEF32C-0C1B-4348-8D9D-3DAF7A03392C} = {03B08263-40FB-4846-8ECD-21C47B6156D2}
		{10F193FC-252E-42D3-8B3C-422D996B6401} = {C3B3544D-E68F-4BC6-B3CF-7F4D260174CA}
		{088B32FA-6DD4-4BB8-8F43-C5ED32A2EC6D} = {C3B3544D-E68F-4BC6-B3CF-7F4D260174CA}
		{73FCA82C-8CAB-4423-82A2-F44E3716A911} = {C3B3544D-E68F-4BC6-B3CF-7F4D260174CA}
	EndGlobalSection
	GlobalSection(ExtensibilityGlobals) = postSolution
		SolutionGuid = {7E41E827-707B-47AF-ABA6-807C8C7D2470}
	EndGlobalSection
EndGlobal
