
Microsoft Visual Studio Solution File, Format Version 12.00
# Visual Studio Version 17
VisualStudioVersion = 17.6.33706.43
MinimumVisualStudioVersion = 10.0.40219.1
Project("{9A19103F-16F7-4668-BE54-9A1E7A4F7556}") = "Semantico.Core", "Semantico.Core\Semantico.Core.csproj", "{541E5738-AA0A-4CA4-8397-B0260F287E24}"
EndProject
Project("{9A19103F-16F7-4668-BE54-9A1E7A4F7556}") = "Semantico.UI", "Semantico.UI\Semantico.UI.csproj", "{C486F558-2FAD-4315-B8A5-3AC2DAD7D286}"
EndProject
Project("{9A19103F-16F7-4668-BE54-9A1E7A4F7556}") = "Semantico.SampleProject", "Semantico.SampleProject\Semantico.SampleProject.csproj", "{C3BEF32C-0C1B-4348-8D9D-3DAF7A03392C}"
EndProject
Project("{2150E333-8FDC-42A3-9474-1A3956D46DE8}") = "Test", "Test", "{03B08263-40FB-4846-8ECD-21C47B6156D2}"
EndProject
Project("{2150E333-8FDC-42A3-9474-1A3956D46DE8}") = "SolutionFiles", "SolutionFiles", "{C3B3544D-E68F-4BC6-B3CF-7F4D260174CA}"
	ProjectSection(SolutionItems) = preProject
		MIGRATIONS.md = MIGRATIONS.md
		CLAUDE.md = CLAUDE.md
		README.md = README.md
	EndProjectSection
EndProject
Global
	GlobalSection(SolutionConfigurationPlatforms) = preSolution
		Debug|Any CPU = Debug|Any CPU
		Release|Any CPU = Release|Any CPU
	EndGlobalSection
	GlobalSection(ProjectConfigurationPlatforms) = postSolution
		{541E5738-AA0A-4CA4-8397-B0260F287E24}.Debug|Any CPU.ActiveCfg = Debug|Any CPU
		{541E5738-AA0A-4CA4-8397-B0260F287E24}.Debug|Any CPU.Build.0 = Debug|Any CPU
		{541E5738-AA0A-4CA4-8397-B0260F287E24}.Release|Any CPU.ActiveCfg = Release|Any CPU
		{541E5738-AA0A-4CA4-8397-B0260F287E24}.Release|Any CPU.Build.0 = Release|Any CPU
		{C486F558-2FAD-4315-B8A5-3AC2DAD7D286}.Debug|Any CPU.ActiveCfg = Debug|Any CPU
		{C486F558-2FAD-4315-B8A5-3AC2DAD7D286}.Debug|Any CPU.Build.0 = Debug|Any CPU
		{C486F558-2FAD-4315-B8A5-3AC2DAD7D286}.Release|Any CPU.ActiveCfg = Release|Any CPU
		{C486F558-2FAD-4315-B8A5-3AC2DAD7D286}.Release|Any CPU.Build.0 = Release|Any CPU
		{C3BEF32C-0C1B-4348-8D9D-3DAF7A03392C}.Debug|Any CPU.ActiveCfg = Debug|Any CPU
		{C3BEF32C-0C1B-4348-8D9D-3DAF7A03392C}.Debug|Any CPU.Build.0 = Debug|Any CPU
		{C3BEF32C-0C1B-4348-8D9D-3DAF7A03392C}.Release|Any CPU.ActiveCfg = Release|Any CPU
		{C3BEF32C-0C1B-4348-8D9D-3DAF7A03392C}.Release|Any CPU.Build.0 = Release|Any CPU
	EndGlobalSection
	GlobalSection(SolutionProperties) = preSolution
		HideSolutionNode = FALSE
	EndGlobalSection
	GlobalSection(NestedProjects) = preSolution
		{C3BEF32C-0C1B-4348-8D9D-3DAF7A03392C} = {03B08263-40FB-4846-8ECD-21C47B6156D2}
	EndGlobalSection
	GlobalSection(ExtensibilityGlobals) = postSolution
		SolutionGuid = {7E41E827-707B-47AF-ABA6-807C8C7D2470}
	EndGlobalSection
EndGlobal
